
Microsoft Visual Studio Solution File, Format Version 12.00
# Visual Studio 15
VisualStudioVersion = 15.0.28307.168
MinimumVisualStudioVersion = 10.0.40219.1
Project("{FAE04EC0-301F-11D3-BF4B-00C04F79EFBC}") = "MyTestApp", "MyTestApp\MyTestApp.csproj", "{73A07E29-EF0E-46F0-A950-A8FA0723C853}"
EndProject
Global
	GlobalSection(SolutionConfigurationPlatforms) = preSolution
		Debug|Any CPU = Debug|Any CPU
		Release|Any CPU = Release|Any CPU
	EndGlobalSection
	GlobalSection(ProjectConfigurationPlatforms) = postSolution
		{73A07E29-EF0E-46F0-A950-A8FA0723C853}.Debug|Any CPU.ActiveCfg = Debug|Any CPU
		{73A07E29-EF0E-46F0-A950-A8FA0723C853}.Debug|Any CPU.Build.0 = Debug|Any CPU
		{73A07E29-EF0E-46F0-A950-A8FA0723C853}.Release|Any CPU.ActiveCfg = Release|Any CPU
		{73A07E29-EF0E-46F0-A950-A8FA0723C853}.Release|Any CPU.Build.0 = Release|Any CPU
	EndGlobalSection
	GlobalSection(SolutionProperties) = preSolution
		HideSolutionNode = FALSE
	EndGlobalSection
	GlobalSection(ExtensibilityGlobals) = postSolution
		SolutionGuid = {1C6E899F-41E9-48C1-B4C2-5DD48837EE6A}
	EndGlobalSection
EndGlobal
